// !$*UTF8*$!
{
	archiveVersion = 1;
	classes = {
	};
	objectVersion = 46;
	objects = {

/* Begin PBXBuildFile section */
		1E4188861F398EAB00E1C9D7 /* main.m in Sources */ = {isa = PBXBuildFile; fileRef = 1E4188851F398EAB00E1C9D7 /* main.m */; };
		1E4188891F398EAB00E1C9D7 /* AppDelegate.m in Sources */ = {isa = PBXBuildFile; fileRef = 1E4188881F398EAB00E1C9D7 /* AppDelegate.m */; };
		1E41888C1F398EAB00E1C9D7 /* ViewController.m in Sources */ = {isa = PBXBuildFile; fileRef = 1E41888B1F398EAB00E1C9D7 /* ViewController.m */; };
		1E41888F1F398EAB00E1C9D7 /* Main.storyboard in Resources */ = {isa = PBXBuildFile; fileRef = 1E41888D1F398EAB00E1C9D7 /* Main.storyboard */; };
		1E4188911F398EAB00E1C9D7 /* Assets.xcassets in Resources */ = {isa = PBXBuildFile; fileRef = 1E4188901F398EAB00E1C9D7 /* Assets.xcassets */; };
		1E4188941F398EAB00E1C9D7 /* LaunchScreen.storyboard in Resources */ = {isa = PBXBuildFile; fileRef = 1E4188921F398EAB00E1C9D7 /* LaunchScreen.storyboard */; };
		1E41889F1F398EAB00E1C9D7 /* H5_PROJECTTests.m in Sources */ = {isa = PBXBuildFile; fileRef = 1E41889E1F398EAB00E1C9D7 /* H5_PROJECTTests.m */; };
		1E4188AA1F398EAB00E1C9D7 /* H5_PROJECTUITests.m in Sources */ = {isa = PBXBuildFile; fileRef = 1E4188A91F398EAB00E1C9D7 /* H5_PROJECTUITests.m */; };
/* End PBXBuildFile section */

/* Begin PBXContainerItemProxy section */
		1E41889B1F398EAB00E1C9D7 /* PBXContainerItemProxy */ = {
			isa = PBXContainerItemProxy;
			containerPortal = 1E4188791F398EAB00E1C9D7 /* Project object */;
			proxyType = 1;
			remoteGlobalIDString = 1E4188801F398EAB00E1C9D7;
			remoteInfo = H5_PROJECT;
		};
		1E4188A61F398EAB00E1C9D7 /* PBXContainerItemProxy */ = {
			isa = PBXContainerItemProxy;
			containerPortal = 1E4188791F398EAB00E1C9D7 /* Project object */;
			proxyType = 1;
			remoteGlobalIDString = 1E4188801F398EAB00E1C9D7;
			remoteInfo = H5_PROJECT;
		};
/* End PBXContainerItemProxy section */

/* Begin PBXFileReference section */
		1E4188811F398EAB00E1C9D7 /* H5_PROJECT.app */ = {isa = PBXFileReference; explicitFileType = wrapper.application; includeInIndex = 0; path = H5_PROJECT.app; sourceTree = BUILT_PRODUCTS_DIR; };
		1E4188851F398EAB00E1C9D7 /* main.m */ = {isa = PBXFileReference; lastKnownFileType = sourcecode.c.objc; path = main.m; sourceTree = "<group>"; };
		1E4188871F398EAB00E1C9D7 /* AppDelegate.h */ = {isa = PBXFileReference; lastKnownFileType = sourcecode.c.h; path = AppDelegate.h; sourceTree = "<group>"; };
		1E4188881F398EAB00E1C9D7 /* AppDelegate.m */ = {isa = PBXFileReference; lastKnownFileType = sourcecode.c.objc; path = AppDelegate.m; sourceTree = "<group>"; };
		1E41888A1F398EAB00E1C9D7 /* ViewController.h */ = {isa = PBXFileReference; lastKnownFileType = sourcecode.c.h; path = ViewController.h; sourceTree = "<group>"; };
		1E41888B1F398EAB00E1C9D7 /* ViewController.m */ = {isa = PBXFileReference; lastKnownFileType = sourcecode.c.objc; path = ViewController.m; sourceTree = "<group>"; };
		1E41888E1F398EAB00E1C9D7 /* Base */ = {isa = PBXFileReference; lastKnownFileType = file.storyboard; name = Base; path = Base.lproj/Main.storyboard; sourceTree = "<group>"; };
		1E4188901F398EAB00E1C9D7 /* Assets.xcassets */ = {isa = PBXFileReference; lastKnownFileType = folder.assetcatalog; path = Assets.xcassets; sourceTree = "<group>"; };
		1E4188931F398EAB00E1C9D7 /* Base */ = {isa = PBXFileReference; lastKnownFileType = file.storyboard; name = Base; path = Base.lproj/LaunchScreen.storyboard; sourceTree = "<group>"; };
		1E4188951F398EAB00E1C9D7 /* Info.plist */ = {isa = PBXFileReference; lastKnownFileType = text.plist.xml; path = Info.plist; sourceTree = "<group>"; };
		1E41889A1F398EAB00E1C9D7 /* H5_PROJECTTests.xctest */ = {isa = PBXFileReference; explicitFileType = wrapper.cfbundle; includeInIndex = 0; path = H5_PROJECTTests.xctest; sourceTree = BUILT_PRODUCTS_DIR; };
		1E41889E1F398EAB00E1C9D7 /* H5_PROJECTTests.m */ = {isa = PBXFileReference; lastKnownFileType = sourcecode.c.objc; path = H5_PROJECTTests.m; sourceTree = "<group>"; };
		1E4188A01F398EAB00E1C9D7 /* Info.plist */ = {isa = PBXFileReference; lastKnownFileType = text.plist.xml; path = Info.plist; sourceTree = "<group>"; };
		1E4188A51F398EAB00E1C9D7 /* H5_PROJECTUITests.xctest */ = {isa = PBXFileReference; explicitFileType = wrapper.cfbundle; includeInIndex = 0; path = H5_PROJECTUITests.xctest; sourceTree = BUILT_PRODUCTS_DIR; };
		1E4188A91F398EAB00E1C9D7 /* H5_PROJECTUITests.m */ = {isa = PBXFileReference; lastKnownFileType = sourcecode.c.objc; path = H5_PROJECTUITests.m; sourceTree = "<group>"; };
		1E4188AB1F398EAB00E1C9D7 /* Info.plist */ = {isa = PBXFileReference; lastKnownFileType = text.plist.xml; path = Info.plist; sourceTree = "<group>"; };
/* End PBXFileReference section */

/* Begin PBXFrameworksBuildPhase section */
		1E41887E1F398EAB00E1C9D7 /* Frameworks */ = {
			isa = PBXFrameworksBuildPhase;
			buildActionMask = 2147483647;
			files = (
			);
			runOnlyForDeploymentPostprocessing = 0;
		};
		1E4188971F398EAB00E1C9D7 /* Frameworks */ = {
			isa = PBXFrameworksBuildPhase;
			buildActionMask = 2147483647;
			files = (
			);
			runOnlyForDeploymentPostprocessing = 0;
		};
		1E4188A21F398EAB00E1C9D7 /* Frameworks */ = {
			isa = PBXFrameworksBuildPhase;
			buildActionMask = 2147483647;
			files = (
			);
			runOnlyForDeploymentPostprocessing = 0;
		};
/* End PBXFrameworksBuildPhase section */

/* Begin PBXGroup section */
		1E4188781F398EAB00E1C9D7 = {
			isa = PBXGroup;
			children = (
				1E4188831F398EAB00E1C9D7 /* H5_PROJECT */,
				1E41889D1F398EAB00E1C9D7 /* H5_PROJECTTests */,
				1E4188A81F398EAB00E1C9D7 /* H5_PROJECTUITests */,
				1E4188821F398EAB00E1C9D7 /* Products */,
			);
			sourceTree = "<group>";
		};
		1E4188821F398EAB00E1C9D7 /* Products */ = {
			isa = PBXGroup;
			children = (
				1E4188811F398EAB00E1C9D7 /* H5_PROJECT.app */,
				1E41889A1F398EAB00E1C9D7 /* H5_PROJECTTests.xctest */,
				1E4188A51F398EAB00E1C9D7 /* H5_PROJECTUITests.xctest */,
			);
			name = Products;
			sourceTree = "<group>";
		};
		1E4188831F398EAB00E1C9D7 /* H5_PROJECT */ = {
			isa = PBXGroup;
			children = (
				1E4188871F398EAB00E1C9D7 /* AppDelegate.h */,
				1E4188881F398EAB00E1C9D7 /* AppDelegate.m */,
				1E41888A1F398EAB00E1C9D7 /* ViewController.h */,
				1E41888B1F398EAB00E1C9D7 /* ViewController.m */,
				1E41888D1F398EAB00E1C9D7 /* Main.storyboard */,
				1E4188901F398EAB00E1C9D7 /* Assets.xcassets */,
				1E4188921F398EAB00E1C9D7 /* LaunchScreen.storyboard */,
				1E4188951F398EAB00E1C9D7 /* Info.plist */,
				1E4188841F398EAB00E1C9D7 /* Supporting Files */,
			);
			path = H5_PROJECT;
			sourceTree = "<group>";
		};
		1E4188841F398EAB00E1C9D7 /* Supporting Files */ = {
			isa = PBXGroup;
			children = (
				1E4188851F398EAB00E1C9D7 /* main.m */,
			);
			name = "Supporting Files";
			sourceTree = "<group>";
		};
		1E41889D1F398EAB00E1C9D7 /* H5_PROJECTTests */ = {
			isa = PBXGroup;
			children = (
				1E41889E1F398EAB00E1C9D7 /* H5_PROJECTTests.m */,
				1E4188A01F398EAB00E1C9D7 /* Info.plist */,
			);
			path = H5_PROJECTTests;
			sourceTree = "<group>";
		};
		1E4188A81F398EAB00E1C9D7 /* H5_PROJECTUITests */ = {
			isa = PBXGroup;
			children = (
				1E4188A91F398EAB00E1C9D7 /* H5_PROJECTUITests.m */,
				1E4188AB1F398EAB00E1C9D7 /* Info.plist */,
			);
			path = H5_PROJECTUITests;
			sourceTree = "<group>";
		};
/* End PBXGroup section */

/* Begin PBXNativeTarget section */
		1E4188801F398EAB00E1C9D7 /* H5_PROJECT */ = {
			isa = PBXNativeTarget;
			buildConfigurationList = 1E4188AE1F398EAB00E1C9D7 /* Build configuration list for PBXNativeTarget "H5_PROJECT" */;
			buildPhases = (
				1E41887D1F398EAB00E1C9D7 /* Sources */,
				1E41887E1F398EAB00E1C9D7 /* Frameworks */,
				1E41887F1F398EAB00E1C9D7 /* Resources */,
			);
			buildRules = (
			);
			dependencies = (
			);
			name = H5_PROJECT;
			productName = H5_PROJECT;
			productReference = 1E4188811F398EAB00E1C9D7 /* H5_PROJECT.app */;
			productType = "com.apple.product-type.application";
		};
		1E4188991F398EAB00E1C9D7 /* H5_PROJECTTests */ = {
			isa = PBXNativeTarget;
			buildConfigurationList = 1E4188B11F398EAB00E1C9D7 /* Build configuration list for PBXNativeTarget "H5_PROJECTTests" */;
			buildPhases = (
				1E4188961F398EAB00E1C9D7 /* Sources */,
				1E4188971F398EAB00E1C9D7 /* Frameworks */,
				1E4188981F398EAB00E1C9D7 /* Resources */,
			);
			buildRules = (
			);
			dependencies = (
				1E41889C1F398EAB00E1C9D7 /* PBXTargetDependency */,
			);
			name = H5_PROJECTTests;
			productName = H5_PROJECTTests;
			productReference = 1E41889A1F398EAB00E1C9D7 /* H5_PROJECTTests.xctest */;
			productType = "com.apple.product-type.bundle.unit-test";
		};
		1E4188A41F398EAB00E1C9D7 /* H5_PROJECTUITests */ = {
			isa = PBXNativeTarget;
			buildConfigurationList = 1E4188B41F398EAB00E1C9D7 /* Build configuration list for PBXNativeTarget "H5_PROJECTUITests" */;
			buildPhases = (
				1E4188A11F398EAB00E1C9D7 /* Sources */,
				1E4188A21F398EAB00E1C9D7 /* Frameworks */,
				1E4188A31F398EAB00E1C9D7 /* Resources */,
			);
			buildRules = (
			);
			dependencies = (
				1E4188A71F398EAB00E1C9D7 /* PBXTargetDependency */,
			);
			name = H5_PROJECTUITests;
			productName = H5_PROJECTUITests;
			productReference = 1E4188A51F398EAB00E1C9D7 /* H5_PROJECTUITests.xctest */;
			productType = "com.apple.product-type.bundle.ui-testing";
		};
/* End PBXNativeTarget section */

/* Begin PBXProject section */
		1E4188791F398EAB00E1C9D7 /* Project object */ = {
			isa = PBXProject;
			attributes = {
				LastUpgradeCheck = 0830;
				ORGANIZATIONNAME = "江豚os";
				TargetAttributes = {
					1E4188801F398EAB00E1C9D7 = {
						CreatedOnToolsVersion = 8.3.3;
						ProvisioningStyle = Automatic;
					};
					1E4188991F398EAB00E1C9D7 = {
						CreatedOnToolsVersion = 8.3.3;
						ProvisioningStyle = Automatic;
						TestTargetID = 1E4188801F398EAB00E1C9D7;
					};
					1E4188A41F398EAB00E1C9D7 = {
						CreatedOnToolsVersion = 8.3.3;
						ProvisioningStyle = Automatic;
						TestTargetID = 1E4188801F398EAB00E1C9D7;
					};
				};
			};
			buildConfigurationList = 1E41887C1F398EAB00E1C9D7 /* Build configuration list for PBXProject "H5_PROJECT" */;
			compatibilityVersion = "Xcode 3.2";
			developmentRegion = English;
			hasScannedForEncodings = 0;
			knownRegions = (
				en,
				Base,
			);
			mainGroup = 1E4188781F398EAB00E1C9D7;
			productRefGroup = 1E4188821F398EAB00E1C9D7 /* Products */;
			projectDirPath = "";
			projectRoot = "";
			targets = (
				1E4188801F398EAB00E1C9D7 /* H5_PROJECT */,
				1E4188991F398EAB00E1C9D7 /* H5_PROJECTTests */,
				1E4188A41F398EAB00E1C9D7 /* H5_PROJECTUITests */,
			);
		};
/* End PBXProject section */

/* Begin PBXResourcesBuildPhase section */
		1E41887F1F398EAB00E1C9D7 /* Resources */ = {
			isa = PBXResourcesBuildPhase;
			buildActionMask = 2147483647;
			files = (
				1E4188941F398EAB00E1C9D7 /* LaunchScreen.storyboard in Resources */,
				1E4188911F398EAB00E1C9D7 /* Assets.xcassets in Resources */,
				1E41888F1F398EAB00E1C9D7 /* Main.storyboard in Resources */,
			);
			runOnlyForDeploymentPostprocessing = 0;
		};
		1E4188981F398EAB00E1C9D7 /* Resources */ = {
			isa = PBXResourcesBuildPhase;
			buildActionMask = 2147483647;
			files = (
			);
			runOnlyForDeploymentPostprocessing = 0;
		};
		1E4188A31F398EAB00E1C9D7 /* Resources */ = {
			isa = PBXResourcesBuildPhase;
			buildActionMask = 2147483647;
			files = (
			);
			runOnlyForDeploymentPostprocessing = 0;
		};
/* End PBXResourcesBuildPhase section */

/* Begin PBXSourcesBuildPhase section */
		1E41887D1F398EAB00E1C9D7 /* Sources */ = {
			isa = PBXSourcesBuildPhase;
			buildActionMask = 2147483647;
			files = (
				1E41888C1F398EAB00E1C9D7 /* ViewController.m in Sources */,
				1E4188891F398EAB00E1C9D7 /* AppDelegate.m in Sources */,
				1E4188861F398EAB00E1C9D7 /* main.m in Sources */,
			);
			runOnlyForDeploymentPostprocessing = 0;
		};
		1E4188961F398EAB00E1C9D7 /* Sources */ = {
			isa = PBXSourcesBuildPhase;
			buildActionMask = 2147483647;
			files = (
				1E41889F1F398EAB00E1C9D7 /* H5_PROJECTTests.m in Sources */,
			);
			runOnlyForDeploymentPostprocessing = 0;
		};
		1E4188A11F398EAB00E1C9D7 /* Sources */ = {
			isa = PBXSourcesBuildPhase;
			buildActionMask = 2147483647;
			files = (
				1E4188AA1F398EAB00E1C9D7 /* H5_PROJECTUITests.m in Sources */,
			);
			runOnlyForDeploymentPostprocessing = 0;
		};
/* End PBXSourcesBuildPhase section */

/* Begin PBXTargetDependency section */
		1E41889C1F398EAB00E1C9D7 /* PBXTargetDependency */ = {
			isa = PBXTargetDependency;
			target = 1E4188801F398EAB00E1C9D7 /* H5_PROJECT */;
			targetProxy = 1E41889B1F398EAB00E1C9D7 /* PBXContainerItemProxy */;
		};
		1E4188A71F398EAB00E1C9D7 /* PBXTargetDependency */ = {
			isa = PBXTargetDependency;
			target = 1E4188801F398EAB00E1C9D7 /* H5_PROJECT */;
			targetProxy = 1E4188A61F398EAB00E1C9D7 /* PBXContainerItemProxy */;
		};
/* End PBXTargetDependency section */

/* Begin PBXVariantGroup section */
		1E41888D1F398EAB00E1C9D7 /* Main.storyboard */ = {
			isa = PBXVariantGroup;
			children = (
				1E41888E1F398EAB00E1C9D7 /* Base */,
			);
			name = Main.storyboard;
			sourceTree = "<group>";
		};
		1E4188921F398EAB00E1C9D7 /* LaunchScreen.storyboard */ = {
			isa = PBXVariantGroup;
			children = (
				1E4188931F398EAB00E1C9D7 /* Base */,
			);
			name = LaunchScreen.storyboard;
			sourceTree = "<group>";
		};
/* End PBXVariantGroup section */

/* Begin XCBuildConfiguration section */
		1E4188AC1F398EAB00E1C9D7 /* Debug */ = {
			isa = XCBuildConfiguration;
			buildSettings = {
				ALWAYS_SEARCH_USER_PATHS = NO;
				CLANG_ANALYZER_NONNULL = YES;
				CLANG_ANALYZER_NUMBER_OBJECT_CONVERSION = YES_AGGRESSIVE;
				CLANG_CXX_LANGUAGE_STANDARD = "gnu++0x";
				CLANG_CXX_LIBRARY = "libc++";
				CLANG_ENABLE_MODULES = YES;
				CLANG_ENABLE_OBJC_ARC = YES;
				CLANG_WARN_BOOL_CONVERSION = YES;
				CLANG_WARN_CONSTANT_CONVERSION = YES;
				CLANG_WARN_DIRECT_OBJC_ISA_USAGE = YES_ERROR;
				CLANG_WARN_DOCUMENTATION_COMMENTS = YES;
				CLANG_WARN_EMPTY_BODY = YES;
				CLANG_WARN_ENUM_CONVERSION = YES;
				CLANG_WARN_INFINITE_RECURSION = YES;
				CLANG_WARN_INT_CONVERSION = YES;
				CLANG_WARN_OBJC_ROOT_CLASS = YES_ERROR;
				CLANG_WARN_SUSPICIOUS_MOVE = YES;
				CLANG_WARN_UNREACHABLE_CODE = YES;
				CLANG_WARN__DUPLICATE_METHOD_MATCH = YES;
				"CODE_SIGN_IDENTITY[sdk=iphoneos*]" = "iPhone Developer";
				COPY_PHASE_STRIP = NO;
				DEBUG_INFORMATION_FORMAT = dwarf;
				ENABLE_STRICT_OBJC_MSGSEND = YES;
				ENABLE_TESTABILITY = YES;
				GCC_C_LANGUAGE_STANDARD = gnu99;
				GCC_DYNAMIC_NO_PIC = NO;
				GCC_NO_COMMON_BLOCKS = YES;
				GCC_OPTIMIZATION_LEVEL = 0;
				GCC_PREPROCESSOR_DEFINITIONS = (
					"DEBUG=1",
					"$(inherited)",
				);
				GCC_WARN_64_TO_32_BIT_CONVERSION = YES;
				GCC_WARN_ABOUT_RETURN_TYPE = YES_ERROR;
				GCC_WARN_UNDECLARED_SELECTOR = YES;
				GCC_WARN_UNINITIALIZED_AUTOS = YES_AGGRESSIVE;
				GCC_WARN_UNUSED_FUNCTION = YES;
				GCC_WARN_UNUSED_VARIABLE = YES;
				IPHONEOS_DEPLOYMENT_TARGET = 10.3;
				MTL_ENABLE_DEBUG_INFO = YES;
				ONLY_ACTIVE_ARCH = YES;
				SDKROOT = iphoneos;
				TARGETED_DEVICE_FAMILY = "1,2";
			};
			name = Debug;
		};
		1E4188AD1F398EAB00E1C9D7 /* Release */ = {
			isa = XCBuildConfiguration;
			buildSettings = {
				ALWAYS_SEARCH_USER_PATHS = NO;
				CLANG_ANALYZER_NONNULL = YES;
				CLANG_ANALYZER_NUMBER_OBJECT_CONVERSION = YES_AGGRESSIVE;
				CLANG_CXX_LANGUAGE_STANDARD = "gnu++0x";
				CLANG_CXX_LIBRARY = "libc++";
				CLANG_ENABLE_MODULES = YES;
				CLANG_ENABLE_OBJC_ARC = YES;
				CLANG_WARN_BOOL_CONVERSION = YES;
				CLANG_WARN_CONSTANT_CONVERSION = YES;
				CLANG_WARN_DIRECT_OBJC_ISA_USAGE = YES_ERROR;
				CLANG_WARN_DOCUMENTATION_COMMENTS = YES;
				CLANG_WARN_EMPTY_BODY = YES;
				CLANG_WARN_ENUM_CONVERSION = YES;
				CLANG_WARN_INFINITE_RECURSION = YES;
				CLANG_WARN_INT_CONVERSION = YES;
				CLANG_WARN_OBJC_ROOT_CLASS = YES_ERROR;
				CLANG_WARN_SUSPICIOUS_MOVE = YES;
				CLANG_WARN_UNREACHABLE_CODE = YES;
				CLANG_WARN__DUPLICATE_METHOD_MATCH = YES;
				"CODE_SIGN_IDENTITY[sdk=iphoneos*]" = "iPhone Developer";
				COPY_PHASE_STRIP = NO;
				DEBUG_INFORMATION_FORMAT = "dwarf-with-dsym";
				ENABLE_NS_ASSERTIONS = NO;
				ENABLE_STRICT_OBJC_MSGSEND = YES;
				GCC_C_LANGUAGE_STANDARD = gnu99;
				GCC_NO_COMMON_BLOCKS = YES;
				GCC_WARN_64_TO_32_BIT_CONVERSION = YES;
				GCC_WARN_ABOUT_RETURN_TYPE = YES_ERROR;
				GCC_WARN_UNDECLARED_SELECTOR = YES;
				GCC_WARN_UNINITIALIZED_AUTOS = YES_AGGRESSIVE;
				GCC_WARN_UNUSED_FUNCTION = YES;
				GCC_WARN_UNUSED_VARIABLE = YES;
				IPHONEOS_DEPLOYMENT_TARGET = 10.3;
				MTL_ENABLE_DEBUG_INFO = NO;
				SDKROOT = iphoneos;
				TARGETED_DEVICE_FAMILY = "1,2";
				VALIDATE_PRODUCT = YES;
			};
			name = Release;
		};
		1E4188AF1F398EAB00E1C9D7 /* Debug */ = {
			isa = XCBuildConfiguration;
			buildSettings = {
				ASSETCATALOG_COMPILER_APPICON_NAME = AppIcon;
				INFOPLIST_FILE = H5_PROJECT/Info.plist;
				LD_RUNPATH_SEARCH_PATHS = "$(inherited) @executable_path/Frameworks";
				PRODUCT_BUNDLE_IDENTIFIER = "jiangtun.H5-PROJECT";
				PRODUCT_NAME = "$(TARGET_NAME)";
			};
			name = Debug;
		};
		1E4188B01F398EAB00E1C9D7 /* Release */ = {
			isa = XCBuildConfiguration;
			buildSettings = {
				ASSETCATALOG_COMPILER_APPICON_NAME = AppIcon;
				INFOPLIST_FILE = H5_PROJECT/Info.plist;
				LD_RUNPATH_SEARCH_PATHS = "$(inherited) @executable_path/Frameworks";
				PRODUCT_BUNDLE_IDENTIFIER = "jiangtun.H5-PROJECT";
				PRODUCT_NAME = "$(TARGET_NAME)";
			};
			name = Release;
		};
		1E4188B21F398EAB00E1C9D7 /* Debug */ = {
			isa = XCBuildConfiguration;
			buildSettings = {
				BUNDLE_LOADER = "$(TEST_HOST)";
				INFOPLIST_FILE = H5_PROJECTTests/Info.plist;
				LD_RUNPATH_SEARCH_PATHS = "$(inherited) @executable_path/Frameworks @loader_path/Frameworks";
				PRODUCT_BUNDLE_IDENTIFIER = "jiangtun.H5-PROJECTTests";
				PRODUCT_NAME = "$(TARGET_NAME)";
				TEST_HOST = "$(BUILT_PRODUCTS_DIR)/H5_PROJECT.app/H5_PROJECT";
			};
			name = Debug;
		};
		1E4188B31F398EAB00E1C9D7 /* Release */ = {
			isa = XCBuildConfiguration;
			buildSettings = {
				BUNDLE_LOADER = "$(TEST_HOST)";
				INFOPLIST_FILE = H5_PROJECTTests/Info.plist;
				LD_RUNPATH_SEARCH_PATHS = "$(inherited) @executable_path/Frameworks @loader_path/Frameworks";
				PRODUCT_BUNDLE_IDENTIFIER = "jiangtun.H5-PROJECTTests";
				PRODUCT_NAME = "$(TARGET_NAME)";
				TEST_HOST = "$(BUILT_PRODUCTS_DIR)/H5_PROJECT.app/H5_PROJECT";
			};
			name = Release;
		};
		1E4188B51F398EAB00E1C9D7 /* Debug */ = {
			isa = XCBuildConfiguration;
			buildSettings = {
				INFOPLIST_FILE = H5_PROJECTUITests/Info.plist;
				LD_RUNPATH_SEARCH_PATHS = "$(inherited) @executable_path/Frameworks @loader_path/Frameworks";
				PRODUCT_BUNDLE_IDENTIFIER = "jiangtun.H5-PROJECTUITests";
				PRODUCT_NAME = "$(TARGET_NAME)";
				TEST_TARGET_NAME = H5_PROJECT;
			};
			name = Debug;
		};
		1E4188B61F398EAB00E1C9D7 /* Release */ = {
			isa = XCBuildConfiguration;
			buildSettings = {
				INFOPLIST_FILE = H5_PROJECTUITests/Info.plist;
				LD_RUNPATH_SEARCH_PATHS = "$(inherited) @executable_path/Frameworks @loader_path/Frameworks";
				PRODUCT_BUNDLE_IDENTIFIER = "jiangtun.H5-PROJECTUITests";
				PRODUCT_NAME = "$(TARGET_NAME)";
				TEST_TARGET_NAME = H5_PROJECT;
			};
			name = Release;
		};
/* End XCBuildConfiguration section */

/* Begin XCConfigurationList section */
		1E41887C1F398EAB00E1C9D7 /* Build configuration list for PBXProject "H5_PROJECT" */ = {
			isa = XCConfigurationList;
			buildConfigurations = (
				1E4188AC1F398EAB00E1C9D7 /* Debug */,
				1E4188AD1F398EAB00E1C9D7 /* Release */,
			);
			defaultConfigurationIsVisible = 0;
			defaultConfigurationName = Release;
		};
		1E4188AE1F398EAB00E1C9D7 /* Build configuration list for PBXNativeTarget "H5_PROJECT" */ = {
			isa = XCConfigurationList;
			buildConfigurations = (
				1E4188AF1F398EAB00E1C9D7 /* Debug */,
				1E4188B01F398EAB00E1C9D7 /* Release */,
			);
			defaultConfigurationIsVisible = 0;
		};
		1E4188B11F398EAB00E1C9D7 /* Build configuration list for PBXNativeTarget "H5_PROJECTTests" */ = {
			isa = XCConfigurationList;
			buildConfigurations = (
				1E4188B21F398EAB00E1C9D7 /* Debug */,
				1E4188B31F398EAB00E1C9D7 /* Release */,
			);
			defaultConfigurationIsVisible = 0;
		};
		1E4188B41F398EAB00E1C9D7 /* Build configuration list for PBXNativeTarget "H5_PROJECTUITests" */ = {
			isa = XCConfigurationList;
			buildConfigurations = (
				1E4188B51F398EAB00E1C9D7 /* Debug */,
				1E4188B61F398EAB00E1C9D7 /* Release */,
			);
			defaultConfigurationIsVisible = 0;
		};
/* End XCConfigurationList section */
	};
	rootObject = 1E4188791F398EAB00E1C9D7 /* Project object */;
}
